
Microsoft Visual Studio Solution File, Format Version 12.00
# Visual Studio Version 16
VisualStudioVersion = 16.0.30907.101
MinimumVisualStudioVersion = 10.0.40219.1
Project("{FAE04EC0-301F-11D3-BF4B-00C04F79EFBC}") = "Assessment", "Assessment\Assessment.csproj", "{FBB5D8DB-E2C6-4D7D-91B6-F0F1F173284C}"
EndProject
Global
	GlobalSection(SolutionConfigurationPlatforms) = preSolution
		Debug|Any CPU = Debug|Any CPU
		Release|Any CPU = Release|Any CPU
	EndGlobalSection
	GlobalSection(ProjectConfigurationPlatforms) = postSolution
		{FBB5D8DB-E2C6-4D7D-91B6-F0F1F173284C}.Debug|Any CPU.ActiveCfg = Debug|Any CPU
		{FBB5D8DB-E2C6-4D7D-91B6-F0F1F173284C}.Debug|Any CPU.Build.0 = Debug|Any CPU
		{FBB5D8DB-E2C6-4D7D-91B6-F0F1F173284C}.Release|Any CPU.ActiveCfg = Release|Any CPU
		{FBB5D8DB-E2C6-4D7D-91B6-F0F1F173284C}.Release|Any CPU.Build.0 = Release|Any CPU
	EndGlobalSection
	GlobalSection(SolutionProperties) = preSolution
		HideSolutionNode = FALSE
	EndGlobalSection
	GlobalSection(ExtensibilityGlobals) = postSolution
		SolutionGuid = {568C1926-8F7F-422D-A3F8-63B89627C818}
	EndGlobalSection
EndGlobal
